
Microsoft Visual Studio Solution File, Format Version 12.00
# Visual Studio Version 16
VisualStudioVersion = 16.0.30204.135
MinimumVisualStudioVersion = 10.0.40219.1
Project("{9A19103F-16F7-4668-BE54-9A1E7A4F7556}") = "HouseForRent.Data", "HouseForRent.Data\HouseForRent.Data.csproj", "{B225F0F4-6BC8-482F-AAF4-F78F616FD69E}"
EndProject
Project("{9A19103F-16F7-4668-BE54-9A1E7A4F7556}") = "HouseForRent.Application", "HouseForRent.Application\HouseForRent.Application.csproj", "{2FE058F9-3991-4106-9F99-B09A0BEEC4A0}"
EndProject
Project("{9A19103F-16F7-4668-BE54-9A1E7A4F7556}") = "HouseForRent.DomainEntities", "HouseForRent.DomainEntites\HouseForRent.DomainEntities.csproj", "{0FF2C20B-C0AF-4D93-A394-8EA514B7B441}"
EndProject
Project("{9A19103F-16F7-4668-BE54-9A1E7A4F7556}") = "HouseForRent.DomainCore", "HouseForRent.DomainCore\HouseForRent.DomainCore.csproj", "{5FC95DA7-EB6B-4EA8-99C6-1D470B308832}"
EndProject
Project("{FAE04EC0-301F-11D3-BF4B-00C04F79EFBC}") = "HouseForRent.IoC", "HouseForRent.IoC\HouseForRent.IoC.csproj", "{7B004D8A-A544-47C3-87EA-C33F4D968D54}"
EndProject
Global
	GlobalSection(SolutionConfigurationPlatforms) = preSolution
		Debug|Any CPU = Debug|Any CPU
		Release|Any CPU = Release|Any CPU
	EndGlobalSection
	GlobalSection(ProjectConfigurationPlatforms) = postSolution
		{B225F0F4-6BC8-482F-AAF4-F78F616FD69E}.Debug|Any CPU.ActiveCfg = Debug|Any CPU
		{B225F0F4-6BC8-482F-AAF4-F78F616FD69E}.Debug|Any CPU.Build.0 = Debug|Any CPU
		{B225F0F4-6BC8-482F-AAF4-F78F616FD69E}.Release|Any CPU.ActiveCfg = Release|Any CPU
		{B225F0F4-6BC8-482F-AAF4-F78F616FD69E}.Release|Any CPU.Build.0 = Release|Any CPU
		{2FE058F9-3991-4106-9F99-B09A0BEEC4A0}.Debug|Any CPU.ActiveCfg = Debug|Any CPU
		{2FE058F9-3991-4106-9F99-B09A0BEEC4A0}.Debug|Any CPU.Build.0 = Debug|Any CPU
		{2FE058F9-3991-4106-9F99-B09A0BEEC4A0}.Release|Any CPU.ActiveCfg = Release|Any CPU
		{2FE058F9-3991-4106-9F99-B09A0BEEC4A0}.Release|Any CPU.Build.0 = Release|Any CPU
		{0FF2C20B-C0AF-4D93-A394-8EA514B7B441}.Debug|Any CPU.ActiveCfg = Debug|Any CPU
		{0FF2C20B-C0AF-4D93-A394-8EA514B7B441}.Debug|Any CPU.Build.0 = Debug|Any CPU
		{0FF2C20B-C0AF-4D93-A394-8EA514B7B441}.Release|Any CPU.ActiveCfg = Release|Any CPU
		{0FF2C20B-C0AF-4D93-A394-8EA514B7B441}.Release|Any CPU.Build.0 = Release|Any CPU
		{5FC95DA7-EB6B-4EA8-99C6-1D470B308832}.Debug|Any CPU.ActiveCfg = Debug|Any CPU
		{5FC95DA7-EB6B-4EA8-99C6-1D470B308832}.Debug|Any CPU.Build.0 = Debug|Any CPU
		{5FC95DA7-EB6B-4EA8-99C6-1D470B308832}.Release|Any CPU.ActiveCfg = Release|Any CPU
		{5FC95DA7-EB6B-4EA8-99C6-1D470B308832}.Release|Any CPU.Build.0 = Release|Any CPU
		{7B004D8A-A544-47C3-87EA-C33F4D968D54}.Debug|Any CPU.ActiveCfg = Debug|Any CPU
		{7B004D8A-A544-47C3-87EA-C33F4D968D54}.Debug|Any CPU.Build.0 = Debug|Any CPU
		{7B004D8A-A544-47C3-87EA-C33F4D968D54}.Release|Any CPU.ActiveCfg = Release|Any CPU
		{7B004D8A-A544-47C3-87EA-C33F4D968D54}.Release|Any CPU.Build.0 = Release|Any CPU
	EndGlobalSection
	GlobalSection(SolutionProperties) = preSolution
		HideSolutionNode = FALSE
	EndGlobalSection
	GlobalSection(ExtensibilityGlobals) = postSolution
		SolutionGuid = {0D0F5018-109C-4675-989D-5606936E35D3}
	EndGlobalSection
EndGlobal
